
Microsoft Visual Studio Solution File, Format Version 12.00
# Visual Studio Version 17
VisualStudioVersion = 17.0.32112.339
MinimumVisualStudioVersion = 10.0.40219.1
Project("{9A19103F-16F7-4668-BE54-9A1E7A4F7556}") = "VL.Postman", "VL.Postman.csproj", "{7CDD6B3E-8ED6-4346-90E6-078B500D19DC}"
EndProject
Project("{9A19103F-16F7-4668-BE54-9A1E7A4F7556}") = "PostmanSchemaDebug", "..\PostmanSchemaDebug\PostmanSchemaDebug.csproj", "{BD92D23C-787A-46B1-A266-AAF573A456DB}"
EndProject
Global
	GlobalSection(SolutionConfigurationPlatforms) = preSolution
		Debug|Any CPU = Debug|Any CPU
		Release|Any CPU = Release|Any CPU
	EndGlobalSection
	GlobalSection(ProjectConfigurationPlatforms) = postSolution
		{7CDD6B3E-8ED6-4346-90E6-078B500D19DC}.Debug|Any CPU.ActiveCfg = Release|Any CPU
		{7CDD6B3E-8ED6-4346-90E6-078B500D19DC}.Debug|Any CPU.Build.0 = Release|Any CPU
		{7CDD6B3E-8ED6-4346-90E6-078B500D19DC}.Release|Any CPU.ActiveCfg = Release|Any CPU
		{7CDD6B3E-8ED6-4346-90E6-078B500D19DC}.Release|Any CPU.Build.0 = Release|Any CPU
		{BD92D23C-787A-46B1-A266-AAF573A456DB}.Debug|Any CPU.ActiveCfg = Release|Any CPU
		{BD92D23C-787A-46B1-A266-AAF573A456DB}.Debug|Any CPU.Build.0 = Release|Any CPU
		{BD92D23C-787A-46B1-A266-AAF573A456DB}.Release|Any CPU.ActiveCfg = Release|Any CPU
	EndGlobalSection
	GlobalSection(SolutionProperties) = preSolution
		HideSolutionNode = FALSE
	EndGlobalSection
	GlobalSection(ExtensibilityGlobals) = postSolution
		SolutionGuid = {B7EE8CEA-D622-4AF3-BC7B-4BE7BE19AB08}
	EndGlobalSection
EndGlobal
